DEPENDENCIES
  ganeti_webmgr
    git: git://github.com/osuosl-cookbooks/ganeti_webmgr.git
    revision: 5512c2f68e56b7a2d6c4f8be4ef8be871a650fe0

GRAPH
  apt (2.3.10)
  aws (2.2.0)
  build-essential (2.0.2)
  chef_handler (1.1.6)
  database (2.1.8)
    aws (>= 0.0.0)
    mysql (>= 5.0.0)
    mysql-chef_gem (>= 0.0.0)
    postgresql (>= 1.0.0)
    xfs (>= 0.0.0)
  dmg (2.2.0)
  ganeti_webmgr (0.3.0)
    database (>= 0.0.0)
    git (>= 0.0.0)
    gunicorn (>= 0.0.0)
    hostsfile (>= 0.0.0)
    mysql (>= 0.0.0)
    nginx (>= 0.0.0)
    postgresql (>= 0.0.0)
    python (>= 0.0.0)
    sqlite (>= 0.0.0)
    supervisor (>= 0.0.0)
  git (4.0.2)
    build-essential (>= 0.0.0)
    dmg (>= 0.0.0)
    runit (>= 1.0.0)
    windows (>= 0.0.0)
    yum (~> 3.0)
    yum-epel (>= 0.0.0)
  gunicorn (1.1.2)
    python (>= 0.0.0)
  hostsfile (2.4.4)
  mysql (5.2.4)
  mysql-chef_gem (0.0.2)
    build-essential (>= 0.0.0)
    mysql (>= 0.0.0)
  nginx (1.8.0)
    apt (>= 0.0.0)
    build-essential (>= 0.0.0)
    ohai (>= 1.1.4)
    runit (>= 0.0.0)
    yum (>= 0.0.0)
  ohai (2.0.0)
  openssl (1.1.0)
  postgresql (3.4.0)
    apt (>= 1.9.0)
    build-essential (>= 0.0.0)
    openssl (>= 0.0.0)
  python (1.4.6)
    build-essential (>= 0.0.0)
    yum-epel (>= 0.0.0)
  runit (1.5.10)
    build-essential (>= 0.0.0)
    yum (~> 3.0)
    yum-epel (>= 0.0.0)
  sqlite (1.0.0)
  supervisor (0.4.10)
    python (>= 0.0.0)
  windows (1.30.2)
    chef_handler (>= 0.0.0)
  xfs (1.1.0)
  yum (3.2.0)
  yum-epel (0.3.6)
    yum (~> 3.0)
