DEPENDENCIES
  ganeti_webmgr
    git: git://github.com/osuosl-cookbooks/ganeti_webmgr.git
    revision: 5e6254bc4cf32f106782bcd607013f78c823e781

GRAPH
  apt (2.4.0)
  aws (2.2.2)
  bluepill (2.3.1)
    rsyslog (>= 0.0.0)
  build-essential (2.0.2)
  chef_handler (1.1.6)
  database (2.2.0)
    aws (>= 0.0.0)
    mysql (>= 5.0.0)
    mysql-chef_gem (>= 0.0.0)
    postgresql (>= 1.0.0)
    xfs (>= 0.0.0)
  dmg (2.2.0)
  ganeti_webmgr (0.4.0)
    database (>= 0.0.0)
    git (>= 0.0.0)
    hostsfile (>= 0.0.0)
    mysql (>= 0.0.0)
    nginx (>= 0.0.0)
    postgresql (>= 0.0.0)
    python (>= 0.0.0)
    sqlite (>= 0.0.0)
  git (4.0.2)
    build-essential (>= 0.0.0)
    dmg (>= 0.0.0)
    runit (>= 1.0.0)
    windows (>= 0.0.0)
    yum (~> 3.0)
    yum-epel (>= 0.0.0)
  gunicorn (1.1.4)
    python (>= 0.0.0)
  hostsfile (2.4.4)
  mysql (5.2.12)
  mysql-chef_gem (0.0.2)
    build-essential (>= 0.0.0)
    mysql (>= 0.0.0)
  nginx (2.7.4)
    apt (~> 2.2)
    bluepill (~> 2.3)
    build-essential (~> 2.0)
    ohai (~> 2.0)
    runit (~> 1.2)
    yum-epel (~> 0.3)
  ohai (2.0.0)
  openssl (1.1.0)
  postgresql (3.4.0)
    apt (>= 1.9.0)
    build-essential (>= 0.0.0)
    openssl (>= 0.0.0)
  python (1.4.6)
    build-essential (>= 0.0.0)
    yum-epel (>= 0.0.0)
  rsyslog (1.12.2)
  runit (1.5.10)
    build-essential (>= 0.0.0)
    yum (~> 3.0)
    yum-epel (>= 0.0.0)
  sqlite (1.0.0)
  supervisor (0.4.10)
    python (>= 0.0.0)
  windows (1.31.0)
    chef_handler (>= 0.0.0)
  xfs (1.1.0)
  yum (3.2.0)
  yum-epel (0.3.6)
    yum (~> 3.0)
