{
  "sources": {
    "ganeti_webmgr": {
      "locked_version": "0.2.0",
      "git": "git://github.com/osuosl-cookbooks/ganeti_webmgr.git",
      "ref": "a132faca9280f9574a454931dcc84080f84a77f6"
    },
    "python": {
      "locked_version": "1.4.0"
    },
    "build-essential": {
      "locked_version": "1.4.2"
    },
    "yum": {
      "locked_version": "2.3.2"
    },
    "git": {
      "locked_version": "2.7.0"
    },
    "dmg": {
      "locked_version": "2.0.4"
    },
    "windows": {
      "locked_version": "1.11.0"
    },
    "chef_handler": {
      "locked_version": "1.1.4"
    },
    "runit": {
      "locked_version": "1.2.0"
    },
    "supervisor": {
      "locked_version": "0.4.8"
    },
    "gunicorn": {
      "locked_version": "1.1.2"
    },
    "nginx": {
      "locked_version": "1.8.0"
    },
    "apt": {
      "locked_version": "2.1.1"
    },
    "ohai": {
      "locked_version": "1.1.12"
    },
    "mysql": {
      "locked_version": "3.0.4"
    },
    "openssl": {
      "locked_version": "1.1.0"
    },
    "sqlite": {
      "locked_version": "1.0.0"
    },
    "database": {
      "locked_version": "1.4.0"
    },
    "postgresql": {
      "locked_version": "3.0.4"
    },
    "aws": {
      "locked_version": "0.101.4"
    },
    "xfs": {
      "locked_version": "1.1.0"
    }
  }
}
